// !$*UTF8*$!
{
	archiveVersion = 1;
	classes = {
	};
	objectVersion = 50;
	objects = {

/* Begin PBXBuildFile section */
		9C094AB82216C3C200CD280D /* RegisteredCandidatesViewController.swift in Sources */ = {isa = PBXBuildFile; fileRef = 9C094AB72216C3C200CD280D /* RegisteredCandidatesViewController.swift */; };
		9C094ABC2216C71800CD280D /* PersonTableViewCell.swift in Sources */ = {isa = PBXBuildFile; fileRef = 9C094ABA2216C71800CD280D /* PersonTableViewCell.swift */; };
		9C094ABD2216C71800CD280D /* PersonTableViewCell.xib in Resources */ = {isa = PBXBuildFile; fileRef = 9C094ABB2216C71800CD280D /* PersonTableViewCell.xib */; };
		9C094ABF2216C97E00CD280D /* RegisteredCandidatesViewController+UITableView.swift in Sources */ = {isa = PBXBuildFile; fileRef = 9C094ABE2216C97E00CD280D /* RegisteredCandidatesViewController+UITableView.swift */; };
		9C463EBA2216BE5800AC6A1E /* AppDelegate.swift in Sources */ = {isa = PBXBuildFile; fileRef = 9C463EB92216BE5800AC6A1E /* AppDelegate.swift */; };
		9C463EBC2216BE5800AC6A1E /* RegisterViewController.swift in Sources */ = {isa = PBXBuildFile; fileRef = 9C463EBB2216BE5800AC6A1E /* RegisterViewController.swift */; };
		9C463EBF2216BE5800AC6A1E /* Main.storyboard in Resources */ = {isa = PBXBuildFile; fileRef = 9C463EBD2216BE5800AC6A1E /* Main.storyboard */; };
		9C463EC22216BE5800AC6A1E /* CoreDataSample.xcdatamodeld in Sources */ = {isa = PBXBuildFile; fileRef = 9C463EC02216BE5800AC6A1E /* CoreDataSample.xcdatamodeld */; };
		9C463EC42216BE5900AC6A1E /* Assets.xcassets in Resources */ = {isa = PBXBuildFile; fileRef = 9C463EC32216BE5900AC6A1E /* Assets.xcassets */; };
		9C463EC72216BE5900AC6A1E /* LaunchScreen.storyboard in Resources */ = {isa = PBXBuildFile; fileRef = 9C463EC52216BE5900AC6A1E /* LaunchScreen.storyboard */; };
		9C60549A222FAA36004C1B4D /* UIButtonExtension.swift in Sources */ = {isa = PBXBuildFile; fileRef = 9C605499222FAA36004C1B4D /* UIButtonExtension.swift */; };
		9C6054A0222FC2AD004C1B4D /* CustomTextFieldView.swift in Sources */ = {isa = PBXBuildFile; fileRef = 9C60549F222FC2AD004C1B4D /* CustomTextFieldView.swift */; };
		9C6054A2222FC2C6004C1B4D /* CustomTextFieldView.xib in Resources */ = {isa = PBXBuildFile; fileRef = 9C6054A1222FC2C6004C1B4D /* CustomTextFieldView.xib */; };
		9C6054A5222FE29C004C1B4D /* Constants.swift in Sources */ = {isa = PBXBuildFile; fileRef = 9C6054A4222FE29C004C1B4D /* Constants.swift */; };
/* End PBXBuildFile section */

/* Begin PBXFileReference section */
		9C094AB72216C3C200CD280D /* RegisteredCandidatesViewController.swift */ = {isa = PBXFileReference; lastKnownFileType = sourcecode.swift; path = RegisteredCandidatesViewController.swift; sourceTree = "<group>"; };
		9C094ABA2216C71800CD280D /* PersonTableViewCell.swift */ = {isa = PBXFileReference; lastKnownFileType = sourcecode.swift; path = PersonTableViewCell.swift; sourceTree = "<group>"; };
		9C094ABB2216C71800CD280D /* PersonTableViewCell.xib */ = {isa = PBXFileReference; lastKnownFileType = file.xib; path = PersonTableViewCell.xib; sourceTree = "<group>"; };
		9C094ABE2216C97E00CD280D /* RegisteredCandidatesViewController+UITableView.swift */ = {isa = PBXFileReference; lastKnownFileType = sourcecode.swift; path = "RegisteredCandidatesViewController+UITableView.swift"; sourceTree = "<group>"; };
		9C463EB62216BE5800AC6A1E /* CoreDataSample.app */ = {isa = PBXFileReference; explicitFileType = wrapper.application; includeInIndex = 0; path = CoreDataSample.app; sourceTree = BUILT_PRODUCTS_DIR; };
		9C463EB92216BE5800AC6A1E /* AppDelegate.swift */ = {isa = PBXFileReference; lastKnownFileType = sourcecode.swift; path = AppDelegate.swift; sourceTree = "<group>"; };
		9C463EBB2216BE5800AC6A1E /* RegisterViewController.swift */ = {isa = PBXFileReference; lastKnownFileType = sourcecode.swift; path = RegisterViewController.swift; sourceTree = "<group>"; };
		9C463EBE2216BE5800AC6A1E /* Base */ = {isa = PBXFileReference; lastKnownFileType = file.storyboard; name = Base; path = Base.lproj/Main.storyboard; sourceTree = "<group>"; };
		9C463EC12216BE5800AC6A1E /* CoreDataSample.xcdatamodel */ = {isa = PBXFileReference; lastKnownFileType = wrapper.xcdatamodel; path = CoreDataSample.xcdatamodel; sourceTree = "<group>"; };
		9C463EC32216BE5900AC6A1E /* Assets.xcassets */ = {isa = PBXFileReference; lastKnownFileType = folder.assetcatalog; path = Assets.xcassets; sourceTree = "<group>"; };
		9C463EC62216BE5900AC6A1E /* Base */ = {isa = PBXFileReference; lastKnownFileType = file.storyboard; name = Base; path = Base.lproj/LaunchScreen.storyboard; sourceTree = "<group>"; };
		9C463EC82216BE5A00AC6A1E /* Info.plist */ = {isa = PBXFileReference; lastKnownFileType = text.plist.xml; path = Info.plist; sourceTree = "<group>"; };
		9C605499222FAA36004C1B4D /* UIButtonExtension.swift */ = {isa = PBXFileReference; lastKnownFileType = sourcecode.swift; path = UIButtonExtension.swift; sourceTree = "<group>"; };
		9C60549F222FC2AD004C1B4D /* CustomTextFieldView.swift */ = {isa = PBXFileReference; lastKnownFileType = sourcecode.swift; path = CustomTextFieldView.swift; sourceTree = "<group>"; };
		9C6054A1222FC2C6004C1B4D /* CustomTextFieldView.xib */ = {isa = PBXFileReference; lastKnownFileType = file.xib; path = CustomTextFieldView.xib; sourceTree = "<group>"; };
		9C6054A4222FE29C004C1B4D /* Constants.swift */ = {isa = PBXFileReference; lastKnownFileType = sourcecode.swift; path = Constants.swift; sourceTree = "<group>"; };
/* End PBXFileReference section */

/* Begin PBXFrameworksBuildPhase section */
		9C463EB32216BE5800AC6A1E /* Frameworks */ = {
			isa = PBXFrameworksBuildPhase;
			buildActionMask = 2147483647;
			files = (
			);
			runOnlyForDeploymentPostprocessing = 0;
		};
/* End PBXFrameworksBuildPhase section */

/* Begin PBXGroup section */
		9C094AB92216C6F800CD280D /* Cells */ = {
			isa = PBXGroup;
			children = (
				9C094ABA2216C71800CD280D /* PersonTableViewCell.swift */,
				9C094ABB2216C71800CD280D /* PersonTableViewCell.xib */,
			);
			path = Cells;
			sourceTree = "<group>";
		};
		9C463EAD2216BE5800AC6A1E = {
			isa = PBXGroup;
			children = (
				9C463EB82216BE5800AC6A1E /* CoreDataSample */,
				9C463EB72216BE5800AC6A1E /* Products */,
			);
			sourceTree = "<group>";
		};
		9C463EB72216BE5800AC6A1E /* Products */ = {
			isa = PBXGroup;
			children = (
				9C463EB62216BE5800AC6A1E /* CoreDataSample.app */,
			);
			name = Products;
			sourceTree = "<group>";
		};
		9C463EB82216BE5800AC6A1E /* CoreDataSample */ = {
			isa = PBXGroup;
			children = (
				9C6054A3222FE289004C1B4D /* Constants */,
				9C60549E222FC27D004C1B4D /* CustomViews */,
				9C60549B222FAC21004C1B4D /* Views */,
				9C605498222FAA07004C1B4D /* Extensions */,
				9C094AB92216C6F800CD280D /* Cells */,
				9C463EB92216BE5800AC6A1E /* AppDelegate.swift */,
				9C463EBD2216BE5800AC6A1E /* Main.storyboard */,
				9C463EC32216BE5900AC6A1E /* Assets.xcassets */,
				9C463EC52216BE5900AC6A1E /* LaunchScreen.storyboard */,
				9C463EC82216BE5A00AC6A1E /* Info.plist */,
				9C463EC02216BE5800AC6A1E /* CoreDataSample.xcdatamodeld */,
			);
			path = CoreDataSample;
			sourceTree = "<group>";
		};
		9C605498222FAA07004C1B4D /* Extensions */ = {
			isa = PBXGroup;
			children = (
				9C605499222FAA36004C1B4D /* UIButtonExtension.swift */,
			);
			path = Extensions;
			sourceTree = "<group>";
		};
		9C60549B222FAC21004C1B4D /* Views */ = {
			isa = PBXGroup;
			children = (
				9C60549D222FAC4D004C1B4D /* RegisteredCandidatesViewController */,
				9C60549C222FAC31004C1B4D /* RegisterViewController */,
			);
			path = Views;
			sourceTree = "<group>";
		};
		9C60549C222FAC31004C1B4D /* RegisterViewController */ = {
			isa = PBXGroup;
			children = (
				9C463EBB2216BE5800AC6A1E /* RegisterViewController.swift */,
			);
			path = RegisterViewController;
			sourceTree = "<group>";
		};
		9C60549D222FAC4D004C1B4D /* RegisteredCandidatesViewController */ = {
			isa = PBXGroup;
			children = (
				9C094AB72216C3C200CD280D /* RegisteredCandidatesViewController.swift */,
				9C094ABE2216C97E00CD280D /* RegisteredCandidatesViewController+UITableView.swift */,
			);
			path = RegisteredCandidatesViewController;
			sourceTree = "<group>";
		};
		9C60549E222FC27D004C1B4D /* CustomViews */ = {
			isa = PBXGroup;
			children = (
				9C60549F222FC2AD004C1B4D /* CustomTextFieldView.swift */,
				9C6054A1222FC2C6004C1B4D /* CustomTextFieldView.xib */,
			);
			path = CustomViews;
			sourceTree = "<group>";
		};
		9C6054A3222FE289004C1B4D /* Constants */ = {
			isa = PBXGroup;
			children = (
				9C6054A4222FE29C004C1B4D /* Constants.swift */,
			);
			path = Constants;
			sourceTree = "<group>";
		};
/* End PBXGroup section */

/* Begin PBXNativeTarget section */
		9C463EB52216BE5800AC6A1E /* CoreDataSample */ = {
			isa = PBXNativeTarget;
			buildConfigurationList = 9C463ECB2216BE5A00AC6A1E /* Build configuration list for PBXNativeTarget "CoreDataSample" */;
			buildPhases = (
				9C463EB22216BE5800AC6A1E /* Sources */,
				9C463EB32216BE5800AC6A1E /* Frameworks */,
				9C463EB42216BE5800AC6A1E /* Resources */,
			);
			buildRules = (
			);
			dependencies = (
			);
			name = CoreDataSample;
			productName = CoreDataSample;
			productReference = 9C463EB62216BE5800AC6A1E /* CoreDataSample.app */;
			productType = "com.apple.product-type.application";
		};
/* End PBXNativeTarget section */

/* Begin PBXProject section */
		9C463EAE2216BE5800AC6A1E /* Project object */ = {
			isa = PBXProject;
			attributes = {
				LastSwiftUpdateCheck = 1010;
				LastUpgradeCheck = 1010;
				ORGANIZATIONNAME = Divum;
				TargetAttributes = {
					9C463EB52216BE5800AC6A1E = {
						CreatedOnToolsVersion = 10.1;
					};
				};
			};
			buildConfigurationList = 9C463EB12216BE5800AC6A1E /* Build configuration list for PBXProject "CoreDataSample" */;
			compatibilityVersion = "Xcode 9.3";
			developmentRegion = en;
			hasScannedForEncodings = 0;
			knownRegions = (
				en,
				Base,
			);
			mainGroup = 9C463EAD2216BE5800AC6A1E;
			productRefGroup = 9C463EB72216BE5800AC6A1E /* Products */;
			projectDirPath = "";
			projectRoot = "";
			targets = (
				9C463EB52216BE5800AC6A1E /* CoreDataSample */,
			);
		};
/* End PBXProject section */

/* Begin PBXResourcesBuildPhase section */
		9C463EB42216BE5800AC6A1E /* Resources */ = {
			isa = PBXResourcesBuildPhase;
			buildActionMask = 2147483647;
			files = (
				9C463EC72216BE5900AC6A1E /* LaunchScreen.storyboard in Resources */,
				9C463EC42216BE5900AC6A1E /* Assets.xcassets in Resources */,
				9C6054A2222FC2C6004C1B4D /* CustomTextFieldView.xib in Resources */,
				9C094ABD2216C71800CD280D /* PersonTableViewCell.xib in Resources */,
				9C463EBF2216BE5800AC6A1E /* Main.storyboard in Resources */,
			);
			runOnlyForDeploymentPostprocessing = 0;
		};
/* End PBXResourcesBuildPhase section */

/* Begin PBXSourcesBuildPhase section */
		9C463EB22216BE5800AC6A1E /* Sources */ = {
			isa = PBXSourcesBuildPhase;
			buildActionMask = 2147483647;
			files = (
				9C463EBC2216BE5800AC6A1E /* RegisterViewController.swift in Sources */,
				9C463EC22216BE5800AC6A1E /* CoreDataSample.xcdatamodeld in Sources */,
				9C463EBA2216BE5800AC6A1E /* AppDelegate.swift in Sources */,
				9C6054A0222FC2AD004C1B4D /* CustomTextFieldView.swift in Sources */,
				9C094ABC2216C71800CD280D /* PersonTableViewCell.swift in Sources */,
				9C60549A222FAA36004C1B4D /* UIButtonExtension.swift in Sources */,
				9C094AB82216C3C200CD280D /* RegisteredCandidatesViewController.swift in Sources */,
				9C094ABF2216C97E00CD280D /* RegisteredCandidatesViewController+UITableView.swift in Sources */,
				9C6054A5222FE29C004C1B4D /* Constants.swift in Sources */,
			);
			runOnlyForDeploymentPostprocessing = 0;
		};
/* End PBXSourcesBuildPhase section */

/* Begin PBXVariantGroup section */
		9C463EBD2216BE5800AC6A1E /* Main.storyboard */ = {
			isa = PBXVariantGroup;
			children = (
				9C463EBE2216BE5800AC6A1E /* Base */,
			);
			name = Main.storyboard;
			sourceTree = "<group>";
		};
		9C463EC52216BE5900AC6A1E /* LaunchScreen.storyboard */ = {
			isa = PBXVariantGroup;
			children = (
				9C463EC62216BE5900AC6A1E /* Base */,
			);
			name = LaunchScreen.storyboard;
			sourceTree = "<group>";
		};
/* End PBXVariantGroup section */

/* Begin XCBuildConfiguration section */
		9C463EC92216BE5A00AC6A1E /* Debug */ = {
			isa = XCBuildConfiguration;
			buildSettings = {
				ALWAYS_SEARCH_USER_PATHS = NO;
				CLANG_ANALYZER_NONNULL = YES;
				CLANG_ANALYZER_NUMBER_OBJECT_CONVERSION = YES_AGGRESSIVE;
				CLANG_CXX_LANGUAGE_STANDARD = "gnu++14";
				CLANG_CXX_LIBRARY = "libc++";
				CLANG_ENABLE_MODULES = YES;
				CLANG_ENABLE_OBJC_ARC = YES;
				CLANG_ENABLE_OBJC_WEAK = YES;
				CLANG_WARN_BLOCK_CAPTURE_AUTORELEASING = YES;
				CLANG_WARN_BOOL_CONVERSION = YES;
				CLANG_WARN_COMMA = YES;
				CLANG_WARN_CONSTANT_CONVERSION = YES;
				CLANG_WARN_DEPRECATED_OBJC_IMPLEMENTATIONS = YES;
				CLANG_WARN_DIRECT_OBJC_ISA_USAGE = YES_ERROR;
				CLANG_WARN_DOCUMENTATION_COMMENTS = YES;
				CLANG_WARN_EMPTY_BODY = YES;
				CLANG_WARN_ENUM_CONVERSION = YES;
				CLANG_WARN_INFINITE_RECURSION = YES;
				CLANG_WARN_INT_CONVERSION = YES;
				CLANG_WARN_NON_LITERAL_NULL_CONVERSION = YES;
				CLANG_WARN_OBJC_IMPLICIT_RETAIN_SELF = YES;
				CLANG_WARN_OBJC_LITERAL_CONVERSION = YES;
				CLANG_WARN_OBJC_ROOT_CLASS = YES_ERROR;
				CLANG_WARN_RANGE_LOOP_ANALYSIS = YES;
				CLANG_WARN_STRICT_PROTOTYPES = YES;
				CLANG_WARN_SUSPICIOUS_MOVE = YES;
				CLANG_WARN_UNGUARDED_AVAILABILITY = YES_AGGRESSIVE;
				CLANG_WARN_UNREACHABLE_CODE = YES;
				CLANG_WARN__DUPLICATE_METHOD_MATCH = YES;
				CODE_SIGN_IDENTITY = "iPhone Developer";
				COPY_PHASE_STRIP = NO;
				DEBUG_INFORMATION_FORMAT = dwarf;
				ENABLE_STRICT_OBJC_MSGSEND = YES;
				ENABLE_TESTABILITY = YES;
				GCC_C_LANGUAGE_STANDARD = gnu11;
				GCC_DYNAMIC_NO_PIC = NO;
				GCC_NO_COMMON_BLOCKS = YES;
				GCC_OPTIMIZATION_LEVEL = 0;
				GCC_PREPROCESSOR_DEFINITIONS = (
					"DEBUG=1",
					"$(inherited)",
				);
				GCC_WARN_64_TO_32_BIT_CONVERSION = YES;
				GCC_WARN_ABOUT_RETURN_TYPE = YES_ERROR;
				GCC_WARN_UNDECLARED_SELECTOR = YES;
				GCC_WARN_UNINITIALIZED_AUTOS = YES_AGGRESSIVE;
				GCC_WARN_UNUSED_FUNCTION = YES;
				GCC_WARN_UNUSED_VARIABLE = YES;
				IPHONEOS_DEPLOYMENT_TARGET = 12.1;
				MTL_ENABLE_DEBUG_INFO = INCLUDE_SOURCE;
				MTL_FAST_MATH = YES;
				ONLY_ACTIVE_ARCH = YES;
				SDKROOT = iphoneos;
				SWIFT_ACTIVE_COMPILATION_CONDITIONS = DEBUG;
				SWIFT_OPTIMIZATION_LEVEL = "-Onone";
			};
			name = Debug;
		};
		9C463ECA2216BE5A00AC6A1E /* Release */ = {
			isa = XCBuildConfiguration;
			buildSettings = {
				ALWAYS_SEARCH_USER_PATHS = NO;
				CLANG_ANALYZER_NONNULL = YES;
				CLANG_ANALYZER_NUMBER_OBJECT_CONVERSION = YES_AGGRESSIVE;
				CLANG_CXX_LANGUAGE_STANDARD = "gnu++14";
				CLANG_CXX_LIBRARY = "libc++";
				CLANG_ENABLE_MODULES = YES;
				CLANG_ENABLE_OBJC_ARC = YES;
				CLANG_ENABLE_OBJC_WEAK = YES;
				CLANG_WARN_BLOCK_CAPTURE_AUTORELEASING = YES;
				CLANG_WARN_BOOL_CONVERSION = YES;
				CLANG_WARN_COMMA = YES;
				CLANG_WARN_CONSTANT_CONVERSION = YES;
				CLANG_WARN_DEPRECATED_OBJC_IMPLEMENTATIONS = YES;
				CLANG_WARN_DIRECT_OBJC_ISA_USAGE = YES_ERROR;
				CLANG_WARN_DOCUMENTATION_COMMENTS = YES;
				CLANG_WARN_EMPTY_BODY = YES;
				CLANG_WARN_ENUM_CONVERSION = YES;
				CLANG_WARN_INFINITE_RECURSION = YES;
				CLANG_WARN_INT_CONVERSION = YES;
				CLANG_WARN_NON_LITERAL_NULL_CONVERSION = YES;
				CLANG_WARN_OBJC_IMPLICIT_RETAIN_SELF = YES;
				CLANG_WARN_OBJC_LITERAL_CONVERSION = YES;
				CLANG_WARN_OBJC_ROOT_CLASS = YES_ERROR;
				CLANG_WARN_RANGE_LOOP_ANALYSIS = YES;
				CLANG_WARN_STRICT_PROTOTYPES = YES;
				CLANG_WARN_SUSPICIOUS_MOVE = YES;
				CLANG_WARN_UNGUARDED_AVAILABILITY = YES_AGGRESSIVE;
				CLANG_WARN_UNREACHABLE_CODE = YES;
				CLANG_WARN__DUPLICATE_METHOD_MATCH = YES;
				CODE_SIGN_IDENTITY = "iPhone Developer";
				COPY_PHASE_STRIP = NO;
				DEBUG_INFORMATION_FORMAT = "dwarf-with-dsym";
				ENABLE_NS_ASSERTIONS = NO;
				ENABLE_STRICT_OBJC_MSGSEND = YES;
				GCC_C_LANGUAGE_STANDARD = gnu11;
				GCC_NO_COMMON_BLOCKS = YES;
				GCC_WARN_64_TO_32_BIT_CONVERSION = YES;
				GCC_WARN_ABOUT_RETURN_TYPE = YES_ERROR;
				GCC_WARN_UNDECLARED_SELECTOR = YES;
				GCC_WARN_UNINITIALIZED_AUTOS = YES_AGGRESSIVE;
				GCC_WARN_UNUSED_FUNCTION = YES;
				GCC_WARN_UNUSED_VARIABLE = YES;
				IPHONEOS_DEPLOYMENT_TARGET = 12.1;
				MTL_ENABLE_DEBUG_INFO = NO;
				MTL_FAST_MATH = YES;
				SDKROOT = iphoneos;
				SWIFT_COMPILATION_MODE = wholemodule;
				SWIFT_OPTIMIZATION_LEVEL = "-O";
				VALIDATE_PRODUCT = YES;
			};
			name = Release;
		};
		9C463ECC2216BE5A00AC6A1E /* Debug */ = {
			isa = XCBuildConfiguration;
			buildSettings = {
				ASSETCATALOG_COMPILER_APPICON_NAME = AppIcon;
				CODE_SIGN_STYLE = Automatic;
				INFOPLIST_FILE = CoreDataSample/Info.plist;
				LD_RUNPATH_SEARCH_PATHS = (
					"$(inherited)",
					"@executable_path/Frameworks",
				);
				PRODUCT_BUNDLE_IDENTIFIER = in.testProj.com.CoreDataSample;
				PRODUCT_NAME = "$(TARGET_NAME)";
				SWIFT_VERSION = 4.2;
				TARGETED_DEVICE_FAMILY = "1,2";
			};
			name = Debug;
		};
		9C463ECD2216BE5A00AC6A1E /* Release */ = {
			isa = XCBuildConfiguration;
			buildSettings = {
				ASSETCATALOG_COMPILER_APPICON_NAME = AppIcon;
				CODE_SIGN_STYLE = Automatic;
				INFOPLIST_FILE = CoreDataSample/Info.plist;
				LD_RUNPATH_SEARCH_PATHS = (
					"$(inherited)",
					"@executable_path/Frameworks",
				);
				PRODUCT_BUNDLE_IDENTIFIER = in.testProj.com.CoreDataSample;
				PRODUCT_NAME = "$(TARGET_NAME)";
				SWIFT_VERSION = 4.2;
				TARGETED_DEVICE_FAMILY = "1,2";
			};
			name = Release;
		};
/* End XCBuildConfiguration section */

/* Begin XCConfigurationList section */
		9C463EB12216BE5800AC6A1E /* Build configuration list for PBXProject "CoreDataSample" */ = {
			isa = XCConfigurationList;
			buildConfigurations = (
				9C463EC92216BE5A00AC6A1E /* Debug */,
				9C463ECA2216BE5A00AC6A1E /* Release */,
			);
			defaultConfigurationIsVisible = 0;
			defaultConfigurationName = Release;
		};
		9C463ECB2216BE5A00AC6A1E /* Build configuration list for PBXNativeTarget "CoreDataSample" */ = {
			isa = XCConfigurationList;
			buildConfigurations = (
				9C463ECC2216BE5A00AC6A1E /* Debug */,
				9C463ECD2216BE5A00AC6A1E /* Release */,
			);
			defaultConfigurationIsVisible = 0;
			defaultConfigurationName = Release;
		};
/* End XCConfigurationList section */

/* Begin XCVersionGroup section */
		9C463EC02216BE5800AC6A1E /* CoreDataSample.xcdatamodeld */ = {
			isa = XCVersionGroup;
			children = (
				9C463EC12216BE5800AC6A1E /* CoreDataSample.xcdatamodel */,
			);
			currentVersion = 9C463EC12216BE5800AC6A1E /* CoreDataSample.xcdatamodel */;
			path = CoreDataSample.xcdatamodeld;
			sourceTree = "<group>";
			versionGroupType = wrapper.xcdatamodel;
		};
/* End XCVersionGroup section */
	};
	rootObject = 9C463EAE2216BE5800AC6A1E /* Project object */;
}
